
Microsoft Visual Studio Solution File, Format Version 12.00
# Visual Studio Version 16
VisualStudioVersion = 16.0.31025.194
MinimumVisualStudioVersion = 10.0.40219.1
Project("{FAE04EC0-301F-11D3-BF4B-00C04F79EFBC}") = "AddressBK", "AddressBK\AddressBK.csproj", "{818BD308-3B80-4DED-B87E-604BC720E36D}"
EndProject
Global
	GlobalSection(SolutionConfigurationPlatforms) = preSolution
		Debug|Any CPU = Debug|Any CPU
		Release|Any CPU = Release|Any CPU
	EndGlobalSection
	GlobalSection(ProjectConfigurationPlatforms) = postSolution
		{818BD308-3B80-4DED-B87E-604BC720E36D}.Debug|Any CPU.ActiveCfg = Debug|Any CPU
		{818BD308-3B80-4DED-B87E-604BC720E36D}.Debug|Any CPU.Build.0 = Debug|Any CPU
		{818BD308-3B80-4DED-B87E-604BC720E36D}.Release|Any CPU.ActiveCfg = Release|Any CPU
		{818BD308-3B80-4DED-B87E-604BC720E36D}.Release|Any CPU.Build.0 = Release|Any CPU
	EndGlobalSection
	GlobalSection(SolutionProperties) = preSolution
		HideSolutionNode = FALSE
	EndGlobalSection
	GlobalSection(ExtensibilityGlobals) = postSolution
		SolutionGuid = {CB45DC9B-4BED-4EE5-A340-20340EE90B11}
	EndGlobalSection
EndGlobal
